
Microsoft Visual Studio Solution File, Format Version 12.00
# Visual Studio Version 17
VisualStudioVersion = 17.10.35004.147
MinimumVisualStudioVersion = 10.0.40219.1
Project("{FAE04EC0-301F-11D3-BF4B-00C04F79EFBC}") = "Judaica-2", "Judaica-2\Judaica-2.csproj", "{D88489D8-52C6-4DCE-A2AF-89BDCFF71D41}"
EndProject
Global
	GlobalSection(SolutionConfigurationPlatforms) = preSolution
		Debug|Any CPU = Debug|Any CPU
		Release|Any CPU = Release|Any CPU
	EndGlobalSection
	GlobalSection(ProjectConfigurationPlatforms) = postSolution
		{D88489D8-52C6-4DCE-A2AF-89BDCFF71D41}.Debug|Any CPU.ActiveCfg = Debug|Any CPU
		{D88489D8-52C6-4DCE-A2AF-89BDCFF71D41}.Debug|Any CPU.Build.0 = Debug|Any CPU
		{D88489D8-52C6-4DCE-A2AF-89BDCFF71D41}.Release|Any CPU.ActiveCfg = Release|Any CPU
		{D88489D8-52C6-4DCE-A2AF-89BDCFF71D41}.Release|Any CPU.Build.0 = Release|Any CPU
	EndGlobalSection
	GlobalSection(SolutionProperties) = preSolution
		HideSolutionNode = FALSE
	EndGlobalSection
	GlobalSection(ExtensibilityGlobals) = postSolution
		SolutionGuid = {DB2AAD03-4A8B-4E41-A1BA-4C02E380E588}
	EndGlobalSection
EndGlobal
